
Microsoft Visual Studio Solution File, Format Version 11.00
# Visual Studio 2010
Project("{FAE04EC0-301F-11D3-BF4B-00C04F79EFBC}") = "HangoverHunt", "HangoverHunt\HangoverHunt.csproj", "{86FBD616-C729-4E0B-9C80-69FD4AE4E231}"
EndProject
Project("{FAE04EC0-301F-11D3-BF4B-00C04F79EFBC}") = "HangoverHunt.UnitTests", "HangoverHunt.UnitTests\HangoverHunt.UnitTests.csproj", "{0F79F6B2-0296-445B-A285-C309692A16B3}"
EndProject
Project("{2150E333-8FDC-42A3-9474-1A3956D46DE8}") = "Solution Items", "Solution Items", "{D1F9A09B-8E38-419F-B61C-0303777A8FE7}"
	ProjectSection(SolutionItems) = preProject
		HangoverHunt.vsmdi = HangoverHunt.vsmdi
		Local.testsettings = Local.testsettings
		TraceAndTestImpact.testsettings = TraceAndTestImpact.testsettings
	EndProjectSection
EndProject
Project("{FAE04EC0-301F-11D3-BF4B-00C04F79EFBC}") = "HangoverHunt.WebAPI", "HangoverHunt.WebAPI\HangoverHunt.WebAPI.csproj", "{30E872CC-97A2-4DFF-B509-071D2122BF8E}"
EndProject
Global
	GlobalSection(TestCaseManagementSettings) = postSolution
		CategoryFile = HangoverHunt.vsmdi
	EndGlobalSection
	GlobalSection(SolutionConfigurationPlatforms) = preSolution
		Debug|Any CPU = Debug|Any CPU
		Debug|Mixed Platforms = Debug|Mixed Platforms
		Debug|x86 = Debug|x86
		Release|Any CPU = Release|Any CPU
		Release|Mixed Platforms = Release|Mixed Platforms
		Release|x86 = Release|x86
	EndGlobalSection
	GlobalSection(ProjectConfigurationPlatforms) = postSolution
		{86FBD616-C729-4E0B-9C80-69FD4AE4E231}.Debug|Any CPU.ActiveCfg = Debug|Any CPU
		{86FBD616-C729-4E0B-9C80-69FD4AE4E231}.Debug|Any CPU.Build.0 = Debug|Any CPU
		{86FBD616-C729-4E0B-9C80-69FD4AE4E231}.Debug|Mixed Platforms.ActiveCfg = Debug|Any CPU
		{86FBD616-C729-4E0B-9C80-69FD4AE4E231}.Debug|Mixed Platforms.Build.0 = Debug|Any CPU
		{86FBD616-C729-4E0B-9C80-69FD4AE4E231}.Debug|x86.ActiveCfg = Debug|Any CPU
		{86FBD616-C729-4E0B-9C80-69FD4AE4E231}.Release|Any CPU.ActiveCfg = Release|Any CPU
		{86FBD616-C729-4E0B-9C80-69FD4AE4E231}.Release|Any CPU.Build.0 = Release|Any CPU
		{86FBD616-C729-4E0B-9C80-69FD4AE4E231}.Release|Mixed Platforms.ActiveCfg = Release|Any CPU
		{86FBD616-C729-4E0B-9C80-69FD4AE4E231}.Release|Mixed Platforms.Build.0 = Release|Any CPU
		{86FBD616-C729-4E0B-9C80-69FD4AE4E231}.Release|x86.ActiveCfg = Release|Any CPU
		{0F79F6B2-0296-445B-A285-C309692A16B3}.Debug|Any CPU.ActiveCfg = Debug|Any CPU
		{0F79F6B2-0296-445B-A285-C309692A16B3}.Debug|Any CPU.Build.0 = Debug|Any CPU
		{0F79F6B2-0296-445B-A285-C309692A16B3}.Debug|Mixed Platforms.ActiveCfg = Debug|Any CPU
		{0F79F6B2-0296-445B-A285-C309692A16B3}.Debug|Mixed Platforms.Build.0 = Debug|Any CPU
		{0F79F6B2-0296-445B-A285-C309692A16B3}.Debug|x86.ActiveCfg = Debug|Any CPU
		{0F79F6B2-0296-445B-A285-C309692A16B3}.Release|Any CPU.ActiveCfg = Release|Any CPU
		{0F79F6B2-0296-445B-A285-C309692A16B3}.Release|Any CPU.Build.0 = Release|Any CPU
		{0F79F6B2-0296-445B-A285-C309692A16B3}.Release|Mixed Platforms.ActiveCfg = Release|Any CPU
		{0F79F6B2-0296-445B-A285-C309692A16B3}.Release|Mixed Platforms.Build.0 = Release|Any CPU
		{0F79F6B2-0296-445B-A285-C309692A16B3}.Release|x86.ActiveCfg = Release|Any CPU
		{30E872CC-97A2-4DFF-B509-071D2122BF8E}.Debug|Any CPU.ActiveCfg = Debug|Any CPU
		{30E872CC-97A2-4DFF-B509-071D2122BF8E}.Debug|Any CPU.Build.0 = Debug|Any CPU
		{30E872CC-97A2-4DFF-B509-071D2122BF8E}.Debug|Mixed Platforms.ActiveCfg = Debug|Any CPU
		{30E872CC-97A2-4DFF-B509-071D2122BF8E}.Debug|Mixed Platforms.Build.0 = Debug|Any CPU
		{30E872CC-97A2-4DFF-B509-071D2122BF8E}.Debug|x86.ActiveCfg = Debug|Any CPU
		{30E872CC-97A2-4DFF-B509-071D2122BF8E}.Release|Any CPU.ActiveCfg = Release|Any CPU
		{30E872CC-97A2-4DFF-B509-071D2122BF8E}.Release|Any CPU.Build.0 = Release|Any CPU
		{30E872CC-97A2-4DFF-B509-071D2122BF8E}.Release|Mixed Platforms.ActiveCfg = Release|Any CPU
		{30E872CC-97A2-4DFF-B509-071D2122BF8E}.Release|Mixed Platforms.Build.0 = Release|Any CPU
		{30E872CC-97A2-4DFF-B509-071D2122BF8E}.Release|x86.ActiveCfg = Release|Any CPU
	EndGlobalSection
	GlobalSection(SolutionProperties) = preSolution
		HideSolutionNode = FALSE
	EndGlobalSection
EndGlobal
